lockfileVersion: '9.0'

settings:
  autoInstallPeers: true
  excludeLinksFromLockfile: false

importers:

  .:
    dependencies:
      '@hookform/resolvers':
        specifier: ^5.2.2
        version: 5.2.2(react-hook-form@7.71.1(react@19.2.4))
      '@radix-ui/react-toast':
        specifier: ^1.2.15
        version: 1.2.15(react-dom@19.2.4(react@19.2.4))(react@19.2.4)
      class-variance-authority:
        specifier: ^0.7.1
        version: 0.7.1
      framer-motion:
        specifier: ^12.34.0
        version: 12.34.0(react-dom@19.2.4(react@19.2.4))(react@19.2.4)
      lucide-react:
        specifier: ^0.563.0
        version: 0.563.0(react@19.2.4)
      next-themes:
        specifier: ^0.4.6
        version: 0.4.6(react-dom@19.2.4(react@19.2.4))(react@19.2.4)
      react:
        specifier: ^19.2.4
        version: 19.2.4
      react-hook-form:
        specifier: ^7.71.1
        version: 7.71.1(react@19.2.4)
      react-icons:
        specifier: ^5.5.0
        version: 5.5.0(react@19.2.4)

packages:

  '@hookform/resolvers@5.2.2':
    resolution: {integrity: sha512-A/IxlMLShx3KjV/HeTcTfaMxdwy690+L/ZADoeaTltLx+CVuzkeVIPuybK3jrRfw7YZnmdKsVVHAlEPIAEUNlA==}
    peerDependencies:
      react-hook-form: ^7.55.0

  '@radix-ui/primitive@1.1.3':
    resolution: {integrity: sha512-JTF99U/6XIjCBo0wqkU5sK10glYe27MRRsfwoiq5zzOEZLHU3A3KCMa5X/azekYRCJ0HlwI0crAXS/5dEHTzDg==}

  '@radix-ui/react-collection@1.1.7':
    resolution: {integrity: sha512-Fh9rGN0MoI4ZFUNyfFVNU4y9LUz93u9/0K+yLgA2bwRojxM8JU1DyvvMBabnZPBgMWREAJvU2jjVzq+LrFUglw==}
    peerDependencies:
      '@types/react': '*'
      '@types/react-dom': '*'
      react: ^16.8 || ^17.0 || ^18.0 || ^19.0 || ^19.0.0-rc
      react-dom: ^16.8 || ^17.0 || ^18.0 || ^19.0 || ^19.0.0-rc
    peerDependenciesMeta:
      '@types/react':
        optional: true
      '@types/react-dom':
        optional: true

  '@radix-ui/react-compose-refs@1.1.2':
    resolution: {integrity: sha512-z4eqJvfiNnFMHIIvXP3CY57y2WJs5g2v3X0zm9mEJkrkNv4rDxu+sg9Jh8EkXyeqBkB7SOcboo9dMVqhyrACIg==}
    peerDependencies:
      '@types/react': '*'
      react: ^16.8 || ^17.0 || ^18.0 || ^19.0 || ^19.0.0-rc
    peerDependenciesMeta:
      '@types/react':
        optional: true

  '@radix-ui/react-context@1.1.2':
    resolution: {integrity: sha512-jCi/QKUM2r1Ju5a3J64TH2A5SpKAgh0LpknyqdQ4m6DCV0xJ2HG1xARRwNGPQfi1SLdLWZ1OJz6F4OMBBNiGJA==}
    peerDependencies:
      '@types/react': '*'
      react: ^16.8 || ^17.0 || ^18.0 || ^19.0 || ^19.0.0-rc
    peerDependenciesMeta:
      '@types/react':
        optional: true

  '@radix-ui/react-dismissable-layer@1.1.11':
    resolution: {integrity: sha512-Nqcp+t5cTB8BinFkZgXiMJniQH0PsUt2k51FUhbdfeKvc4ACcG2uQniY/8+h1Yv6Kza4Q7lD7PQV0z0oicE0Mg==}
    peerDependencies:
      '@types/react': '*'
      '@types/react-dom': '*'
      react: ^16.8 || ^17.0 || ^18.0 || ^19.0 || ^19.0.0-rc
      react-dom: ^16.8 || ^17.0 || ^18.0 || ^19.0 || ^19.0.0-rc
    peerDependenciesMeta:
      '@types/react':
        optional: true
      '@types/react-dom':
        optional: true

  '@radix-ui/react-portal@1.1.9':
    resolution: {integrity: sha512-bpIxvq03if6UNwXZ+HTK71JLh4APvnXntDc6XOX8UVq4XQOVl7lwok0AvIl+b8zgCw3fSaVTZMpAPPagXbKmHQ==}
    peerDependencies:
      '@types/react': '*'
      '@types/react-dom': '*'
      react: ^16.8 || ^17.0 || ^18.0 || ^19.0 || ^19.0.0-rc
      react-dom: ^16.8 || ^17.0 || ^18.0 || ^19.0 || ^19.0.0-rc
    peerDependenciesMeta:
      '@types/react':
        optional: true
      '@types/react-dom':
        optional: true

  '@radix-ui/react-presence@1.1.5':
    resolution: {integrity: sha512-/jfEwNDdQVBCNvjkGit4h6pMOzq8bHkopq458dPt2lMjx+eBQUohZNG9A7DtO/O5ukSbxuaNGXMjHicgwy6rQQ==}
    peerDependencies:
      '@types/react': '*'
      '@types/react-dom': '*'
      react: ^16.8 || ^17.0 || ^18.0 || ^19.0 || ^19.0.0-rc
      react-dom: ^16.8 || ^17.0 || ^18.0 || ^19.0 || ^19.0.0-rc
    peerDependenciesMeta:
      '@types/react':
        optional: true
      '@types/react-dom':
        optional: true

  '@radix-ui/react-primitive@2.1.3':
    resolution: {integrity: sha512-m9gTwRkhy2lvCPe6QJp4d3G1TYEUHn/FzJUtq9MjH46an1wJU+GdoGC5VLof8RX8Ft/DlpshApkhswDLZzHIcQ==}
    peerDependencies:
      '@types/react': '*'
      '@types/react-dom': '*'
      react: ^16.8 || ^17.0 || ^18.0 || ^19.0 || ^19.0.0-rc
      react-dom: ^16.8 || ^17.0 || ^18.0 || ^19.0 || ^19.0.0-rc
    peerDependenciesMeta:
      '@types/react':
        optional: true
      '@types/react-dom':
        optional: true

  '@radix-ui/react-slot@1.2.3':
    resolution: {integrity: sha512-aeNmHnBxbi2St0au6VBVC7JXFlhLlOnvIIlePNniyUNAClzmtAUEY8/pBiK3iHjufOlwA+c20/8jngo7xcrg8A==}
    peerDependencies:
      '@types/react': '*'
      react: ^16.8 || ^17.0 || ^18.0 || ^19.0 || ^19.0.0-rc
    peerDependenciesMeta:
      '@types/react':
        optional: true

  '@radix-ui/react-toast@1.2.15':
    resolution: {integrity: sha512-3OSz3TacUWy4WtOXV38DggwxoqJK4+eDkNMl5Z/MJZaoUPaP4/9lf81xXMe1I2ReTAptverZUpbPY4wWwWyL5g==}
    peerDependencies:
      '@types/react': '*'
      '@types/react-dom': '*'
      react: ^16.8 || ^17.0 || ^18.0 || ^19.0 || ^19.0.0-rc
      react-dom: ^16.8 || ^17.0 || ^18.0 || ^19.0 || ^19.0.0-rc
    peerDependenciesMeta:
      '@types/react':
        optional: true
      '@types/react-dom':
        optional: true

  '@radix-ui/react-use-callback-ref@1.1.1':
    resolution: {integrity: sha512-FkBMwD+qbGQeMu1cOHnuGB6x4yzPjho8ap5WtbEJ26umhgqVXbhekKUQO+hZEL1vU92a3wHwdp0HAcqAUF5iDg==}
    peerDependencies:
      '@types/react': '*'
      react: ^16.8 || ^17.0 || ^18.0 || ^19.0 || ^19.0.0-rc
    peerDependenciesMeta:
      '@types/react':
        optional: true

  '@radix-ui/react-use-controllable-state@1.2.2':
    resolution: {integrity: sha512-BjasUjixPFdS+NKkypcyyN5Pmg83Olst0+c6vGov0diwTEo6mgdqVR6hxcEgFuh4QrAs7Rc+9KuGJ9TVCj0Zzg==}
    peerDependencies:
      '@types/react': '*'
      react: ^16.8 || ^17.0 || ^18.0 || ^19.0 || ^19.0.0-rc
    peerDependenciesMeta:
      '@types/react':
        optional: true

  '@radix-ui/react-use-effect-event@0.0.2':
    resolution: {integrity: sha512-Qp8WbZOBe+blgpuUT+lw2xheLP8q0oatc9UpmiemEICxGvFLYmHm9QowVZGHtJlGbS6A6yJ3iViad/2cVjnOiA==}
    peerDependencies:
      '@types/react': '*'
      react: ^16.8 || ^17.0 || ^18.0 || ^19.0 || ^19.0.0-rc
    peerDependenciesMeta:
      '@types/react':
        optional: true

  '@radix-ui/react-use-escape-keydown@1.1.1':
    resolution: {integrity: sha512-Il0+boE7w/XebUHyBjroE+DbByORGR9KKmITzbR7MyQ4akpORYP/ZmbhAr0DG7RmmBqoOnZdy2QlvajJ2QA59g==}
    peerDependencies:
      '@types/react': '*'
      react: ^16.8 || ^17.0 || ^18.0 || ^19.0 || ^19.0.0-rc
    peerDependenciesMeta:
      '@types/react':
        optional: true

  '@radix-ui/react-use-layout-effect@1.1.1':
    resolution: {integrity: sha512-RbJRS4UWQFkzHTTwVymMTUv8EqYhOp8dOOviLj2ugtTiXRaRQS7GLGxZTLL1jWhMeoSCf5zmcZkqTl9IiYfXcQ==}
    peerDependencies:
      '@types/react': '*'
      react: ^16.8 || ^17.0 || ^18.0 || ^19.0 || ^19.0.0-rc
    peerDependenciesMeta:
      '@types/react':
        optional: true

  '@radix-ui/react-visually-hidden@1.2.3':
    resolution: {integrity: sha512-pzJq12tEaaIhqjbzpCuv/OypJY/BPavOofm+dbab+MHLajy277+1lLm6JFcGgF5eskJ6mquGirhXY2GD/8u8Ug==}
    peerDependencies:
      '@types/react': '*'
      '@types/react-dom': '*'
      react: ^16.8 || ^17.0 || ^18.0 || ^19.0 || ^19.0.0-rc
      react-dom: ^16.8 || ^17.0 || ^18.0 || ^19.0 || ^19.0.0-rc
    peerDependenciesMeta:
      '@types/react':
        optional: true
      '@types/react-dom':
        optional: true

  '@standard-schema/utils@0.3.0':
    resolution: {integrity: sha512-e7Mew686owMaPJVNNLs55PUvgz371nKgwsc4vxE49zsODpJEnxgxRo2y/OKrqueavXgZNMDVj3DdHFlaSAeU8g==}

  class-variance-authority@0.7.1:
    resolution: {integrity: sha512-Ka+9Trutv7G8M6WT6SeiRWz792K5qEqIGEGzXKhAE6xOWAY6pPH8U+9IY3oCMv6kqTmLsv7Xh/2w2RigkePMsg==}

  clsx@2.1.1:
    resolution: {integrity: sha512-eYm0QWBtUrBWZWG0d386OGAw16Z995PiOVo2B7bjWSbHedGl5e0ZWaq65kOGgUSNesEIDkB9ISbTg/JK9dhCZA==}
    engines: {node: '>=6'}

  framer-motion@12.34.0:
    resolution: {integrity: sha512-+/H49owhzkzQyxtn7nZeF4kdH++I2FWrESQ184Zbcw5cEqNHYkE5yxWxcTLSj5lNx3NWdbIRy5FHqUvetD8FWg==}
    peerDependencies:
      '@emotion/is-prop-valid': '*'
      react: ^18.0.0 || ^19.0.0
      react-dom: ^18.0.0 || ^19.0.0
    peerDependenciesMeta:
      '@emotion/is-prop-valid':
        optional: true
      react:
        optional: true
      react-dom:
        optional: true

  lucide-react@0.563.0:
    resolution: {integrity: sha512-8dXPB2GI4dI8jV4MgUDGBeLdGk8ekfqVZ0BdLcrRzocGgG75ltNEmWS+gE7uokKF/0oSUuczNDT+g9hFJ23FkA==}
    peerDependencies:
      react: ^16.5.1 || ^17.0.0 || ^18.0.0 || ^19.0.0

  motion-dom@12.34.0:
    resolution: {integrity: sha512-Lql3NuEcScRDxTAO6GgUsRHBZOWI/3fnMlkMcH5NftzcN37zJta+bpbMAV9px4Nj057TuvRooMK7QrzMCgtz6Q==}

  motion-utils@12.29.2:
    resolution: {integrity: sha512-G3kc34H2cX2gI63RqU+cZq+zWRRPSsNIOjpdl9TN4AQwC4sgwYPl/Q/Obf/d53nOm569T0fYK+tcoSV50BWx8A==}

  next-themes@0.4.6:
    resolution: {integrity: sha512-pZvgD5L0IEvX5/9GWyHMf3m8BKiVQwsCMHfoFosXtXBMnaS0ZnIJ9ST4b4NqLVKDEm8QBxoNNGNaBv2JNF6XNA==}
    peerDependencies:
      react: ^16.8 || ^17 || ^18 || ^19 || ^19.0.0-rc
      react-dom: ^16.8 || ^17 || ^18 || ^19 || ^19.0.0-rc

  react-dom@19.2.4:
    resolution: {integrity: sha512-AXJdLo8kgMbimY95O2aKQqsz2iWi9jMgKJhRBAxECE4IFxfcazB2LmzloIoibJI3C12IlY20+KFaLv+71bUJeQ==}
    peerDependencies:
      react: ^19.2.4

  react-hook-form@7.71.1:
    resolution: {integrity: sha512-9SUJKCGKo8HUSsCO+y0CtqkqI5nNuaDqTxyqPsZPqIwudpj4rCrAz/jZV+jn57bx5gtZKOh3neQu94DXMc+w5w==}
    engines: {node: '>=18.0.0'}
    peerDependencies:
      react: ^16.8.0 || ^17 || ^18 || ^19

  react-icons@5.5.0:
    resolution: {integrity: sha512-MEFcXdkP3dLo8uumGI5xN3lDFNsRtrjbOEKDLD7yv76v4wpnEq2Lt2qeHaQOr34I/wPN3s3+N08WkQ+CW37Xiw==}
    peerDependencies:
      react: '*'

  react@19.2.4:
    resolution: {integrity: sha512-9nfp2hYpCwOjAN+8TZFGhtWEwgvWHXqESH8qT89AT/lWklpLON22Lc8pEtnpsZz7VmawabSU0gCjnj8aC0euHQ==}
    engines: {node: '>=0.10.0'}

  scheduler@0.27.0:
    resolution: {integrity: sha512-eNv+WrVbKu1f3vbYJT/xtiF5syA5HPIMtf9IgY/nKg0sWqzAUEvqY/xm7OcZc/qafLx/iO9FgOmeSAp4v5ti/Q==}

  tslib@2.8.1:
    resolution: {integrity: sha512-oJFu94HQb+KVduSUQL7wnpmqnfmLsOA/nAh6b6EH0wCEoK0/mPeXU6c3wKDV83MkOuHPRHtSXKKU99IBazS/2w==}

snapshots:

  '@hookform/resolvers@5.2.2(react-hook-form@7.71.1(react@19.2.4))':
    dependencies:
      '@standard-schema/utils': 0.3.0
      react-hook-form: 7.71.1(react@19.2.4)

  '@radix-ui/primitive@1.1.3': {}

  '@radix-ui/react-collection@1.1.7(react-dom@19.2.4(react@19.2.4))(react@19.2.4)':
    dependencies:
      '@radix-ui/react-compose-refs': 1.1.2(react@19.2.4)
      '@radix-ui/react-context': 1.1.2(react@19.2.4)
      '@radix-ui/react-primitive': 2.1.3(react-dom@19.2.4(react@19.2.4))(react@19.2.4)
      '@radix-ui/react-slot': 1.2.3(react@19.2.4)
      react: 19.2.4
      react-dom: 19.2.4(react@19.2.4)

  '@radix-ui/react-compose-refs@1.1.2(react@19.2.4)':
    dependencies:
      react: 19.2.4

  '@radix-ui/react-context@1.1.2(react@19.2.4)':
    dependencies:
      react: 19.2.4

  '@radix-ui/react-dismissable-layer@1.1.11(react-dom@19.2.4(react@19.2.4))(react@19.2.4)':
    dependencies:
      '@radix-ui/primitive': 1.1.3
      '@radix-ui/react-compose-refs': 1.1.2(react@19.2.4)
      '@radix-ui/react-primitive': 2.1.3(react-dom@19.2.4(react@19.2.4))(react@19.2.4)
      '@radix-ui/react-use-callback-ref': 1.1.1(react@19.2.4)
      '@radix-ui/react-use-escape-keydown': 1.1.1(react@19.2.4)
      react: 19.2.4
      react-dom: 19.2.4(react@19.2.4)

  '@radix-ui/react-portal@1.1.9(react-dom@19.2.4(react@19.2.4))(react@19.2.4)':
    dependencies:
      '@radix-ui/react-primitive': 2.1.3(react-dom@19.2.4(react@19.2.4))(react@19.2.4)
      '@radix-ui/react-use-layout-effect': 1.1.1(react@19.2.4)
      react: 19.2.4
      react-dom: 19.2.4(react@19.2.4)

  '@radix-ui/react-presence@1.1.5(react-dom@19.2.4(react@19.2.4))(react@19.2.4)':
    dependencies:
      '@radix-ui/react-compose-refs': 1.1.2(react@19.2.4)
      '@radix-ui/react-use-layout-effect': 1.1.1(react@19.2.4)
      react: 19.2.4
      react-dom: 19.2.4(react@19.2.4)

  '@radix-ui/react-primitive@2.1.3(react-dom@19.2.4(react@19.2.4))(react@19.2.4)':
    dependencies:
      '@radix-ui/react-slot': 1.2.3(react@19.2.4)
      react: 19.2.4
      react-dom: 19.2.4(react@19.2.4)

  '@radix-ui/react-slot@1.2.3(react@19.2.4)':
    dependencies:
      '@radix-ui/react-compose-refs': 1.1.2(react@19.2.4)
      react: 19.2.4

  '@radix-ui/react-toast@1.2.15(react-dom@19.2.4(react@19.2.4))(react@19.2.4)':
    dependencies:
      '@radix-ui/primitive': 1.1.3
      '@radix-ui/react-collection': 1.1.7(react-dom@19.2.4(react@19.2.4))(react@19.2.4)
      '@radix-ui/react-compose-refs': 1.1.2(react@19.2.4)
      '@radix-ui/react-context': 1.1.2(react@19.2.4)
      '@radix-ui/react-dismissable-layer': 1.1.11(react-dom@19.2.4(react@19.2.4))(react@19.2.4)
      '@radix-ui/react-portal': 1.1.9(react-dom@19.2.4(react@19.2.4))(react@19.2.4)
      '@radix-ui/react-presence': 1.1.5(react-dom@19.2.4(react@19.2.4))(react@19.2.4)
      '@radix-ui/react-primitive': 2.1.3(react-dom@19.2.4(react@19.2.4))(react@19.2.4)
      '@radix-ui/react-use-callback-ref': 1.1.1(react@19.2.4)
      '@radix-ui/react-use-controllable-state': 1.2.2(react@19.2.4)
      '@radix-ui/react-use-layout-effect': 1.1.1(react@19.2.4)
      '@radix-ui/react-visually-hidden': 1.2.3(react-dom@19.2.4(react@19.2.4))(react@19.2.4)
      react: 19.2.4
      react-dom: 19.2.4(react@19.2.4)

  '@radix-ui/react-use-callback-ref@1.1.1(react@19.2.4)':
    dependencies:
      react: 19.2.4

  '@radix-ui/react-use-controllable-state@1.2.2(react@19.2.4)':
    dependencies:
      '@radix-ui/react-use-effect-event': 0.0.2(react@19.2.4)
      '@radix-ui/react-use-layout-effect': 1.1.1(react@19.2.4)
      react: 19.2.4

  '@radix-ui/react-use-effect-event@0.0.2(react@19.2.4)':
    dependencies:
      '@radix-ui/react-use-layout-effect': 1.1.1(react@19.2.4)
      react: 19.2.4

  '@radix-ui/react-use-escape-keydown@1.1.1(react@19.2.4)':
    dependencies:
      '@radix-ui/react-use-callback-ref': 1.1.1(react@19.2.4)
      react: 19.2.4

  '@radix-ui/react-use-layout-effect@1.1.1(react@19.2.4)':
    dependencies:
      react: 19.2.4

  '@radix-ui/react-visually-hidden@1.2.3(react-dom@19.2.4(react@19.2.4))(react@19.2.4)':
    dependencies:
      '@radix-ui/react-primitive': 2.1.3(react-dom@19.2.4(react@19.2.4))(react@19.2.4)
      react: 19.2.4
      react-dom: 19.2.4(react@19.2.4)

  '@standard-schema/utils@0.3.0': {}

  class-variance-authority@0.7.1:
    dependencies:
      clsx: 2.1.1

  clsx@2.1.1: {}

  framer-motion@12.34.0(react-dom@19.2.4(react@19.2.4))(react@19.2.4):
    dependencies:
      motion-dom: 12.34.0
      motion-utils: 12.29.2
      tslib: 2.8.1
    optionalDependencies:
      react: 19.2.4
      react-dom: 19.2.4(react@19.2.4)

  lucide-react@0.563.0(react@19.2.4):
    dependencies:
      react: 19.2.4

  motion-dom@12.34.0:
    dependencies:
      motion-utils: 12.29.2

  motion-utils@12.29.2: {}

  next-themes@0.4.6(react-dom@19.2.4(react@19.2.4))(react@19.2.4):
    dependencies:
      react: 19.2.4
      react-dom: 19.2.4(react@19.2.4)

  react-dom@19.2.4(react@19.2.4):
    dependencies:
      react: 19.2.4
      scheduler: 0.27.0

  react-hook-form@7.71.1(react@19.2.4):
    dependencies:
      react: 19.2.4

  react-icons@5.5.0(react@19.2.4):
    dependencies:
      react: 19.2.4

  react@19.2.4: {}

  scheduler@0.27.0: {}

  tslib@2.8.1: {}
